
Microsoft Visual Studio Solution File, Format Version 12.00
# Visual Studio Version 16
VisualStudioVersion = 16.0.30717.126
MinimumVisualStudioVersion = 10.0.40219.1
Project("{FAE04EC0-301F-11D3-BF4B-00C04F79EFBC}") = "CapstoneBE", "CapstoneBE\CapstoneBE.csproj", "{CA54BF5D-48FC-4C34-A42D-D2DF822E0FEA}"
EndProject
Global
	GlobalSection(SolutionConfigurationPlatforms) = preSolution
		Debug|Any CPU = Debug|Any CPU
		Release|Any CPU = Release|Any CPU
	EndGlobalSection
	GlobalSection(ProjectConfigurationPlatforms) = postSolution
		{CA54BF5D-48FC-4C34-A42D-D2DF822E0FEA}.Debug|Any CPU.ActiveCfg = Debug|Any CPU
		{CA54BF5D-48FC-4C34-A42D-D2DF822E0FEA}.Debug|Any CPU.Build.0 = Debug|Any CPU
		{CA54BF5D-48FC-4C34-A42D-D2DF822E0FEA}.Release|Any CPU.ActiveCfg = Release|Any CPU
		{CA54BF5D-48FC-4C34-A42D-D2DF822E0FEA}.Release|Any CPU.Build.0 = Release|Any CPU
	EndGlobalSection
	GlobalSection(SolutionProperties) = preSolution
		HideSolutionNode = FALSE
	EndGlobalSection
	GlobalSection(ExtensibilityGlobals) = postSolution
		SolutionGuid = {D7E68F80-B56A-4E28-A2F9-C0435DF4C64A}
	EndGlobalSection
EndGlobal
